
Microsoft Visual Studio Solution File, Format Version 12.00
# Visual Studio Version 17
VisualStudioVersion = 17.3.32819.101
MinimumVisualStudioVersion = 10.0.40219.1
Project("{FAE04EC0-301F-11D3-BF4B-00C04F79EFBC}") = "d3_avaliacao", "d3_avaliacao.csproj", "{5C01FB0F-B97B-41E9-AAE6-AFE60335C191}"
EndProject
Global
	GlobalSection(SolutionConfigurationPlatforms) = preSolution
		Debug|Any CPU = Debug|Any CPU
		Release|Any CPU = Release|Any CPU
	EndGlobalSection
	GlobalSection(ProjectConfigurationPlatforms) = postSolution
		{5C01FB0F-B97B-41E9-AAE6-AFE60335C191}.Debug|Any CPU.ActiveCfg = Debug|Any CPU
		{5C01FB0F-B97B-41E9-AAE6-AFE60335C191}.Debug|Any CPU.Build.0 = Debug|Any CPU
		{5C01FB0F-B97B-41E9-AAE6-AFE60335C191}.Release|Any CPU.ActiveCfg = Release|Any CPU
		{5C01FB0F-B97B-41E9-AAE6-AFE60335C191}.Release|Any CPU.Build.0 = Release|Any CPU
	EndGlobalSection
	GlobalSection(SolutionProperties) = preSolution
		HideSolutionNode = FALSE
	EndGlobalSection
	GlobalSection(ExtensibilityGlobals) = postSolution
		SolutionGuid = {F1B71A12-107E-4AC8-B762-112CC56DC8A0}
	EndGlobalSection
EndGlobal
